
Microsoft Visual Studio Solution File, Format Version 12.00
# Visual Studio Version 16
VisualStudioVersion = 16.0.29306.81
MinimumVisualStudioVersion = 10.0.40219.1
Project("{FAE04EC0-301F-11D3-BF4B-00C04F79EFBC}") = "ShellScript", "ShellScript\ShellScript.csproj", "{E940BE1C-50F6-419C-AEE9-CEFA3C3E2200}"
EndProject
Project("{FAE04EC0-301F-11D3-BF4B-00C04F79EFBC}") = "Tester", "Tester\Tester.csproj", "{5A93DDFB-AED4-46BF-9D5F-C7C8BF4D64CB}"
EndProject
Global
	GlobalSection(SolutionConfigurationPlatforms) = preSolution
		Debug|Any CPU = Debug|Any CPU
		Release|Any CPU = Release|Any CPU
	EndGlobalSection
	GlobalSection(ProjectConfigurationPlatforms) = postSolution
		{E940BE1C-50F6-419C-AEE9-CEFA3C3E2200}.Debug|Any CPU.ActiveCfg = Debug|Any CPU
		{E940BE1C-50F6-419C-AEE9-CEFA3C3E2200}.Debug|Any CPU.Build.0 = Debug|Any CPU
		{E940BE1C-50F6-419C-AEE9-CEFA3C3E2200}.Release|Any CPU.ActiveCfg = Release|Any CPU
		{E940BE1C-50F6-419C-AEE9-CEFA3C3E2200}.Release|Any CPU.Build.0 = Release|Any CPU
		{5A93DDFB-AED4-46BF-9D5F-C7C8BF4D64CB}.Debug|Any CPU.ActiveCfg = Debug|Any CPU
		{5A93DDFB-AED4-46BF-9D5F-C7C8BF4D64CB}.Debug|Any CPU.Build.0 = Debug|Any CPU
		{5A93DDFB-AED4-46BF-9D5F-C7C8BF4D64CB}.Release|Any CPU.ActiveCfg = Release|Any CPU
		{5A93DDFB-AED4-46BF-9D5F-C7C8BF4D64CB}.Release|Any CPU.Build.0 = Release|Any CPU
	EndGlobalSection
	GlobalSection(SolutionProperties) = preSolution
		HideSolutionNode = FALSE
	EndGlobalSection
	GlobalSection(ExtensibilityGlobals) = postSolution
		SolutionGuid = {F07401EE-A817-4418-B497-D23C272DCABD}
	EndGlobalSection
EndGlobal
